// !$*UTF8*$!
{
	archiveVersion = 1;
	classes = {
	};
	objectVersion = 50;
	objects = {

/* Begin PBXBuildFile section */
		868666502639F7930070ACFB /* LandmarksApp.swift in Sources */ = {isa = PBXBuildFile; fileRef = 8686664F2639F7930070ACFB /* LandmarksApp.swift */; };
		868666522639F7930070ACFB /* ContentView.swift in Sources */ = {isa = PBXBuildFile; fileRef = 868666512639F7930070ACFB /* ContentView.swift */; };
		868666542639F7950070ACFB /* Assets.xcassets in Resources */ = {isa = PBXBuildFile; fileRef = 868666532639F7950070ACFB /* Assets.xcassets */; };
		868666572639F7950070ACFB /* Preview Assets.xcassets in Resources */ = {isa = PBXBuildFile; fileRef = 868666562639F7950070ACFB /* Preview Assets.xcassets */; };
		8686665F2639FC900070ACFB /* CircleImage.swift in Sources */ = {isa = PBXBuildFile; fileRef = 8686665E2639FC900070ACFB /* CircleImage.swift */; };
		868666622639FDA00070ACFB /* MapView.swift in Sources */ = {isa = PBXBuildFile; fileRef = 868666612639FDA00070ACFB /* MapView.swift */; };
		86866664263A00F00070ACFB /* landmarkData.json in Resources */ = {isa = PBXBuildFile; fileRef = 86866663263A00F00070ACFB /* landmarkData.json */; };
		86866667263A01250070ACFB /* Landmark.swift in Sources */ = {isa = PBXBuildFile; fileRef = 86866666263A01250070ACFB /* Landmark.swift */; };
		86866669263A02460070ACFB /* ModelData.swift in Sources */ = {isa = PBXBuildFile; fileRef = 86866668263A02460070ACFB /* ModelData.swift */; };
		8686666C263A02EA0070ACFB /* LandmarkRow.swift in Sources */ = {isa = PBXBuildFile; fileRef = 8686666B263A02EA0070ACFB /* LandmarkRow.swift */; };
		8686666E263A04600070ACFB /* LandmarkList.swift in Sources */ = {isa = PBXBuildFile; fileRef = 8686666D263A04600070ACFB /* LandmarkList.swift */; };
		86866670263A05540070ACFB /* LandmarkDetail.swift in Sources */ = {isa = PBXBuildFile; fileRef = 8686666F263A05540070ACFB /* LandmarkDetail.swift */; };
		86D06CE4263B2DA500BCE9BB /* FavoriteButton.swift in Sources */ = {isa = PBXBuildFile; fileRef = 86D06CE3263B2DA500BCE9BB /* FavoriteButton.swift */; };
		86D06CE9263B305D00BCE9BB /* HexagonParameters.swift in Sources */ = {isa = PBXBuildFile; fileRef = 86D06CE8263B305D00BCE9BB /* HexagonParameters.swift */; };
		86D06CEB263B314600BCE9BB /* BadgeBackground.swift in Sources */ = {isa = PBXBuildFile; fileRef = 86D06CEA263B314600BCE9BB /* BadgeBackground.swift */; };
/* End PBXBuildFile section */

/* Begin PBXFileReference section */
		8686664C2639F7930070ACFB /* Landmarks.app */ = {isa = PBXFileReference; explicitFileType = wrapper.application; includeInIndex = 0; path = Landmarks.app; sourceTree = BUILT_PRODUCTS_DIR; };
		8686664F2639F7930070ACFB /* LandmarksApp.swift */ = {isa = PBXFileReference; lastKnownFileType = sourcecode.swift; path = LandmarksApp.swift; sourceTree = "<group>"; };
		868666512639F7930070ACFB /* ContentView.swift */ = {isa = PBXFileReference; lastKnownFileType = sourcecode.swift; path = ContentView.swift; sourceTree = "<group>"; };
		868666532639F7950070ACFB /* Assets.xcassets */ = {isa = PBXFileReference; lastKnownFileType = folder.assetcatalog; path = Assets.xcassets; sourceTree = "<group>"; };
		868666562639F7950070ACFB /* Preview Assets.xcassets */ = {isa = PBXFileReference; lastKnownFileType = folder.assetcatalog; path = "Preview Assets.xcassets"; sourceTree = "<group>"; };
		868666582639F7950070ACFB /* Info.plist */ = {isa = PBXFileReference; lastKnownFileType = text.plist.xml; path = Info.plist; sourceTree = "<group>"; };
		8686665E2639FC900070ACFB /* CircleImage.swift */ = {isa = PBXFileReference; lastKnownFileType = sourcecode.swift; path = CircleImage.swift; sourceTree = "<group>"; };
		868666612639FDA00070ACFB /* MapView.swift */ = {isa = PBXFileReference; lastKnownFileType = sourcecode.swift; path = MapView.swift; sourceTree = "<group>"; };
		86866663263A00F00070ACFB /* landmarkData.json */ = {isa = PBXFileReference; fileEncoding = 4; lastKnownFileType = text.json; path = landmarkData.json; sourceTree = "<group>"; };
		86866666263A01250070ACFB /* Landmark.swift */ = {isa = PBXFileReference; lastKnownFileType = sourcecode.swift; path = Landmark.swift; sourceTree = "<group>"; };
		86866668263A02460070ACFB /* ModelData.swift */ = {isa = PBXFileReference; lastKnownFileType = sourcecode.swift; path = ModelData.swift; sourceTree = "<group>"; };
		8686666B263A02EA0070ACFB /* LandmarkRow.swift */ = {isa = PBXFileReference; lastKnownFileType = sourcecode.swift; path = LandmarkRow.swift; sourceTree = "<group>"; };
		8686666D263A04600070ACFB /* LandmarkList.swift */ = {isa = PBXFileReference; lastKnownFileType = sourcecode.swift; path = LandmarkList.swift; sourceTree = "<group>"; };
		8686666F263A05540070ACFB /* LandmarkDetail.swift */ = {isa = PBXFileReference; lastKnownFileType = sourcecode.swift; path = LandmarkDetail.swift; sourceTree = "<group>"; };
		86D06CE3263B2DA500BCE9BB /* FavoriteButton.swift */ = {isa = PBXFileReference; lastKnownFileType = sourcecode.swift; path = FavoriteButton.swift; sourceTree = "<group>"; };
		86D06CE8263B305D00BCE9BB /* HexagonParameters.swift */ = {isa = PBXFileReference; lastKnownFileType = sourcecode.swift; path = HexagonParameters.swift; sourceTree = "<group>"; };
		86D06CEA263B314600BCE9BB /* BadgeBackground.swift */ = {isa = PBXFileReference; lastKnownFileType = sourcecode.swift; path = BadgeBackground.swift; sourceTree = "<group>"; };
/* End PBXFileReference section */

/* Begin PBXFrameworksBuildPhase section */
		868666492639F7930070ACFB /* Frameworks */ = {
			isa = PBXFrameworksBuildPhase;
			buildActionMask = 2147483647;
			files = (
			);
			runOnlyForDeploymentPostprocessing = 0;
		};
/* End PBXFrameworksBuildPhase section */

/* Begin PBXGroup section */
		868666432639F7930070ACFB = {
			isa = PBXGroup;
			children = (
				8686664E2639F7930070ACFB /* Landmarks */,
				8686664D2639F7930070ACFB /* Products */,
			);
			sourceTree = "<group>";
		};
		8686664D2639F7930070ACFB /* Products */ = {
			isa = PBXGroup;
			children = (
				8686664C2639F7930070ACFB /* Landmarks.app */,
			);
			name = Products;
			sourceTree = "<group>";
		};
		8686664E2639F7930070ACFB /* Landmarks */ = {
			isa = PBXGroup;
			children = (
				86866665263A01160070ACFB /* Models */,
				868666602639FCBB0070ACFB /* Views */,
				8686666A263A02BC0070ACFB /* Resources */,
				8686664F2639F7930070ACFB /* LandmarksApp.swift */,
				868666532639F7950070ACFB /* Assets.xcassets */,
				868666582639F7950070ACFB /* Info.plist */,
				868666552639F7950070ACFB /* Preview Content */,
			);
			path = Landmarks;
			sourceTree = "<group>";
		};
		868666552639F7950070ACFB /* Preview Content */ = {
			isa = PBXGroup;
			children = (
				868666562639F7950070ACFB /* Preview Assets.xcassets */,
			);
			path = "Preview Content";
			sourceTree = "<group>";
		};
		868666602639FCBB0070ACFB /* Views */ = {
			isa = PBXGroup;
			children = (
				868666512639F7930070ACFB /* ContentView.swift */,
				86D06CE7263B2E7700BCE9BB /* Landmarks */,
				86D06CE5263B2E6000BCE9BB /* Helpers */,
				86D06CE8263B305D00BCE9BB /* HexagonParameters.swift */,
				86D06CEA263B314600BCE9BB /* BadgeBackground.swift */,
			);
			path = Views;
			sourceTree = "<group>";
		};
		86866665263A01160070ACFB /* Models */ = {
			isa = PBXGroup;
			children = (
				86866666263A01250070ACFB /* Landmark.swift */,
				86866668263A02460070ACFB /* ModelData.swift */,
			);
			path = Models;
			sourceTree = "<group>";
		};
		8686666A263A02BC0070ACFB /* Resources */ = {
			isa = PBXGroup;
			children = (
				86866663263A00F00070ACFB /* landmarkData.json */,
			);
			path = Resources;
			sourceTree = "<group>";
		};
		86D06CE5263B2E6000BCE9BB /* Helpers */ = {
			isa = PBXGroup;
			children = (
				8686665E2639FC900070ACFB /* CircleImage.swift */,
				868666612639FDA00070ACFB /* MapView.swift */,
				86D06CE3263B2DA500BCE9BB /* FavoriteButton.swift */,
			);
			path = Helpers;
			sourceTree = "<group>";
		};
		86D06CE7263B2E7700BCE9BB /* Landmarks */ = {
			isa = PBXGroup;
			children = (
				8686666B263A02EA0070ACFB /* LandmarkRow.swift */,
				8686666D263A04600070ACFB /* LandmarkList.swift */,
				8686666F263A05540070ACFB /* LandmarkDetail.swift */,
			);
			path = Landmarks;
			sourceTree = "<group>";
		};
/* End PBXGroup section */

/* Begin PBXNativeTarget section */
		8686664B2639F7930070ACFB /* Landmarks */ = {
			isa = PBXNativeTarget;
			buildConfigurationList = 8686665B2639F7950070ACFB /* Build configuration list for PBXNativeTarget "Landmarks" */;
			buildPhases = (
				868666482639F7930070ACFB /* Sources */,
				868666492639F7930070ACFB /* Frameworks */,
				8686664A2639F7930070ACFB /* Resources */,
			);
			buildRules = (
			);
			dependencies = (
			);
			name = Landmarks;
			productName = Landmarks;
			productReference = 8686664C2639F7930070ACFB /* Landmarks.app */;
			productType = "com.apple.product-type.application";
		};
/* End PBXNativeTarget section */

/* Begin PBXProject section */
		868666442639F7930070ACFB /* Project object */ = {
			isa = PBXProject;
			attributes = {
				LastSwiftUpdateCheck = 1250;
				LastUpgradeCheck = 1250;
				TargetAttributes = {
					8686664B2639F7930070ACFB = {
						CreatedOnToolsVersion = 12.5;
					};
				};
			};
			buildConfigurationList = 868666472639F7930070ACFB /* Build configuration list for PBXProject "Landmarks" */;
			compatibilityVersion = "Xcode 9.3";
			developmentRegion = en;
			hasScannedForEncodings = 0;
			knownRegions = (
				en,
				Base,
			);
			mainGroup = 868666432639F7930070ACFB;
			productRefGroup = 8686664D2639F7930070ACFB /* Products */;
			projectDirPath = "";
			projectRoot = "";
			targets = (
				8686664B2639F7930070ACFB /* Landmarks */,
			);
		};
/* End PBXProject section */

/* Begin PBXResourcesBuildPhase section */
		8686664A2639F7930070ACFB /* Resources */ = {
			isa = PBXResourcesBuildPhase;
			buildActionMask = 2147483647;
			files = (
				868666572639F7950070ACFB /* Preview Assets.xcassets in Resources */,
				868666542639F7950070ACFB /* Assets.xcassets in Resources */,
				86866664263A00F00070ACFB /* landmarkData.json in Resources */,
			);
			runOnlyForDeploymentPostprocessing = 0;
		};
/* End PBXResourcesBuildPhase section */

/* Begin PBXSourcesBuildPhase section */
		868666482639F7930070ACFB /* Sources */ = {
			isa = PBXSourcesBuildPhase;
			buildActionMask = 2147483647;
			files = (
				868666522639F7930070ACFB /* ContentView.swift in Sources */,
				868666622639FDA00070ACFB /* MapView.swift in Sources */,
				868666502639F7930070ACFB /* LandmarksApp.swift in Sources */,
				86D06CE4263B2DA500BCE9BB /* FavoriteButton.swift in Sources */,
				86D06CE9263B305D00BCE9BB /* HexagonParameters.swift in Sources */,
				8686666E263A04600070ACFB /* LandmarkList.swift in Sources */,
				86866670263A05540070ACFB /* LandmarkDetail.swift in Sources */,
				86D06CEB263B314600BCE9BB /* BadgeBackground.swift in Sources */,
				8686665F2639FC900070ACFB /* CircleImage.swift in Sources */,
				86866667263A01250070ACFB /* Landmark.swift in Sources */,
				8686666C263A02EA0070ACFB /* LandmarkRow.swift in Sources */,
				86866669263A02460070ACFB /* ModelData.swift in Sources */,
			);
			runOnlyForDeploymentPostprocessing = 0;
		};
/* End PBXSourcesBuildPhase section */

/* Begin XCBuildConfiguration section */
		868666592639F7950070ACFB /* Debug */ = {
			isa = XCBuildConfiguration;
			buildSettings = {
				ALWAYS_SEARCH_USER_PATHS = NO;
				CLANG_ANALYZER_NONNULL = YES;
				CLANG_ANALYZER_NUMBER_OBJECT_CONVERSION = YES_AGGRESSIVE;
				CLANG_CXX_LANGUAGE_STANDARD = "gnu++14";
				CLANG_CXX_LIBRARY = "libc++";
				CLANG_ENABLE_MODULES = YES;
				CLANG_ENABLE_OBJC_ARC = YES;
				CLANG_ENABLE_OBJC_WEAK = YES;
				CLANG_WARN_BLOCK_CAPTURE_AUTORELEASING = YES;
				CLANG_WARN_BOOL_CONVERSION = YES;
				CLANG_WARN_COMMA = YES;
				CLANG_WARN_CONSTANT_CONVERSION = YES;
				CLANG_WARN_DEPRECATED_OBJC_IMPLEMENTATIONS = YES;
				CLANG_WARN_DIRECT_OBJC_ISA_USAGE = YES_ERROR;
				CLANG_WARN_DOCUMENTATION_COMMENTS = YES;
				CLANG_WARN_EMPTY_BODY = YES;
				CLANG_WARN_ENUM_CONVERSION = YES;
				CLANG_WARN_INFINITE_RECURSION = YES;
				CLANG_WARN_INT_CONVERSION = YES;
				CLANG_WARN_NON_LITERAL_NULL_CONVERSION = YES;
				CLANG_WARN_OBJC_IMPLICIT_RETAIN_SELF = YES;
				CLANG_WARN_OBJC_LITERAL_CONVERSION = YES;
				CLANG_WARN_OBJC_ROOT_CLASS = YES_ERROR;
				CLANG_WARN_QUOTED_INCLUDE_IN_FRAMEWORK_HEADER = YES;
				CLANG_WARN_RANGE_LOOP_ANALYSIS = YES;
				CLANG_WARN_STRICT_PROTOTYPES = YES;
				CLANG_WARN_SUSPICIOUS_MOVE = YES;
				CLANG_WARN_UNGUARDED_AVAILABILITY = YES_AGGRESSIVE;
				CLANG_WARN_UNREACHABLE_CODE = YES;
				CLANG_WARN__DUPLICATE_METHOD_MATCH = YES;
				COPY_PHASE_STRIP = NO;
				DEBUG_INFORMATION_FORMAT = dwarf;
				ENABLE_STRICT_OBJC_MSGSEND = YES;
				ENABLE_TESTABILITY = YES;
				GCC_C_LANGUAGE_STANDARD = gnu11;
				GCC_DYNAMIC_NO_PIC = NO;
				GCC_NO_COMMON_BLOCKS = YES;
				GCC_OPTIMIZATION_LEVEL = 0;
				GCC_PREPROCESSOR_DEFINITIONS = (
					"DEBUG=1",
					"$(inherited)",
				);
				GCC_WARN_64_TO_32_BIT_CONVERSION = YES;
				GCC_WARN_ABOUT_RETURN_TYPE = YES_ERROR;
				GCC_WARN_UNDECLARED_SELECTOR = YES;
				GCC_WARN_UNINITIALIZED_AUTOS = YES_AGGRESSIVE;
				GCC_WARN_UNUSED_FUNCTION = YES;
				GCC_WARN_UNUSED_VARIABLE = YES;
				IPHONEOS_DEPLOYMENT_TARGET = 14.5;
				MTL_ENABLE_DEBUG_INFO = INCLUDE_SOURCE;
				MTL_FAST_MATH = YES;
				ONLY_ACTIVE_ARCH = YES;
				SDKROOT = iphoneos;
				SWIFT_ACTIVE_COMPILATION_CONDITIONS = DEBUG;
				SWIFT_OPTIMIZATION_LEVEL = "-Onone";
			};
			name = Debug;
		};
		8686665A2639F7950070ACFB /* Release */ = {
			isa = XCBuildConfiguration;
			buildSettings = {
				ALWAYS_SEARCH_USER_PATHS = NO;
				CLANG_ANALYZER_NONNULL = YES;
				CLANG_ANALYZER_NUMBER_OBJECT_CONVERSION = YES_AGGRESSIVE;
				CLANG_CXX_LANGUAGE_STANDARD = "gnu++14";
				CLANG_CXX_LIBRARY = "libc++";
				CLANG_ENABLE_MODULES = YES;
				CLANG_ENABLE_OBJC_ARC = YES;
				CLANG_ENABLE_OBJC_WEAK = YES;
				CLANG_WARN_BLOCK_CAPTURE_AUTORELEASING = YES;
				CLANG_WARN_BOOL_CONVERSION = YES;
				CLANG_WARN_COMMA = YES;
				CLANG_WARN_CONSTANT_CONVERSION = YES;
				CLANG_WARN_DEPRECATED_OBJC_IMPLEMENTATIONS = YES;
				CLANG_WARN_DIRECT_OBJC_ISA_USAGE = YES_ERROR;
				CLANG_WARN_DOCUMENTATION_COMMENTS = YES;
				CLANG_WARN_EMPTY_BODY = YES;
				CLANG_WARN_ENUM_CONVERSION = YES;
				CLANG_WARN_INFINITE_RECURSION = YES;
				CLANG_WARN_INT_CONVERSION = YES;
				CLANG_WARN_NON_LITERAL_NULL_CONVERSION = YES;
				CLANG_WARN_OBJC_IMPLICIT_RETAIN_SELF = YES;
				CLANG_WARN_OBJC_LITERAL_CONVERSION = YES;
				CLANG_WARN_OBJC_ROOT_CLASS = YES_ERROR;
				CLANG_WARN_QUOTED_INCLUDE_IN_FRAMEWORK_HEADER = YES;
				CLANG_WARN_RANGE_LOOP_ANALYSIS = YES;
				CLANG_WARN_STRICT_PROTOTYPES = YES;
				CLANG_WARN_SUSPICIOUS_MOVE = YES;
				CLANG_WARN_UNGUARDED_AVAILABILITY = YES_AGGRESSIVE;
				CLANG_WARN_UNREACHABLE_CODE = YES;
				CLANG_WARN__DUPLICATE_METHOD_MATCH = YES;
				COPY_PHASE_STRIP = NO;
				DEBUG_INFORMATION_FORMAT = "dwarf-with-dsym";
				ENABLE_NS_ASSERTIONS = NO;
				ENABLE_STRICT_OBJC_MSGSEND = YES;
				GCC_C_LANGUAGE_STANDARD = gnu11;
				GCC_NO_COMMON_BLOCKS = YES;
				GCC_WARN_64_TO_32_BIT_CONVERSION = YES;
				GCC_WARN_ABOUT_RETURN_TYPE = YES_ERROR;
				GCC_WARN_UNDECLARED_SELECTOR = YES;
				GCC_WARN_UNINITIALIZED_AUTOS = YES_AGGRESSIVE;
				GCC_WARN_UNUSED_FUNCTION = YES;
				GCC_WARN_UNUSED_VARIABLE = YES;
				IPHONEOS_DEPLOYMENT_TARGET = 14.5;
				MTL_ENABLE_DEBUG_INFO = NO;
				MTL_FAST_MATH = YES;
				SDKROOT = iphoneos;
				SWIFT_COMPILATION_MODE = wholemodule;
				SWIFT_OPTIMIZATION_LEVEL = "-O";
				VALIDATE_PRODUCT = YES;
			};
			name = Release;
		};
		8686665C2639F7950070ACFB /* Debug */ = {
			isa = XCBuildConfiguration;
			buildSettings = {
				ASSETCATALOG_COMPILER_APPICON_NAME = AppIcon;
				ASSETCATALOG_COMPILER_GLOBAL_ACCENT_COLOR_NAME = AccentColor;
				CODE_SIGN_STYLE = Automatic;
				DEVELOPMENT_ASSET_PATHS = "\"Landmarks/Preview Content\"";
				DEVELOPMENT_TEAM = 23Q3TDVZ8T;
				ENABLE_PREVIEWS = YES;
				INFOPLIST_FILE = Landmarks/Info.plist;
				IPHONEOS_DEPLOYMENT_TARGET = 14.0;
				LD_RUNPATH_SEARCH_PATHS = (
					"$(inherited)",
					"@executable_path/Frameworks",
				);
				PRODUCT_BUNDLE_IDENTIFIER = com.ramenpanda.Landmarks;
				PRODUCT_NAME = "$(TARGET_NAME)";
				SWIFT_VERSION = 5.0;
				TARGETED_DEVICE_FAMILY = "1,2";
			};
			name = Debug;
		};
		8686665D2639F7950070ACFB /* Release */ = {
			isa = XCBuildConfiguration;
			buildSettings = {
				ASSETCATALOG_COMPILER_APPICON_NAME = AppIcon;
				ASSETCATALOG_COMPILER_GLOBAL_ACCENT_COLOR_NAME = AccentColor;
				CODE_SIGN_STYLE = Automatic;
				DEVELOPMENT_ASSET_PATHS = "\"Landmarks/Preview Content\"";
				DEVELOPMENT_TEAM = 23Q3TDVZ8T;
				ENABLE_PREVIEWS = YES;
				INFOPLIST_FILE = Landmarks/Info.plist;
				IPHONEOS_DEPLOYMENT_TARGET = 14.0;
				LD_RUNPATH_SEARCH_PATHS = (
					"$(inherited)",
					"@executable_path/Frameworks",
				);
				PRODUCT_BUNDLE_IDENTIFIER = com.ramenpanda.Landmarks;
				PRODUCT_NAME = "$(TARGET_NAME)";
				SWIFT_VERSION = 5.0;
				TARGETED_DEVICE_FAMILY = "1,2";
			};
			name = Release;
		};
/* End XCBuildConfiguration section */

/* Begin XCConfigurationList section */
		868666472639F7930070ACFB /* Build configuration list for PBXProject "Landmarks" */ = {
			isa = XCConfigurationList;
			buildConfigurations = (
				868666592639F7950070ACFB /* Debug */,
				8686665A2639F7950070ACFB /* Release */,
			);
			defaultConfigurationIsVisible = 0;
			defaultConfigurationName = Release;
		};
		8686665B2639F7950070ACFB /* Build configuration list for PBXNativeTarget "Landmarks" */ = {
			isa = XCConfigurationList;
			buildConfigurations = (
				8686665C2639F7950070ACFB /* Debug */,
				8686665D2639F7950070ACFB /* Release */,
			);
			defaultConfigurationIsVisible = 0;
			defaultConfigurationName = Release;
		};
/* End XCConfigurationList section */
	};
	rootObject = 868666442639F7930070ACFB /* Project object */;
}
